// !$*UTF8*$!
{
	archiveVersion = 1;
	classes = {
	};
	objectVersion = 48;
	objects = {

/* Begin PBXBuildFile section */
		B6159A4723B2693FC89DBF5D /* Pods_podium_iOS.framework in Frameworks */ = {isa = PBXBuildFile; fileRef = 4277B36EA87CF5DC6C9CDCC9 /* Pods_podium_iOS.framework */; };
		E02F5BDC204B022000531033 /* RxSwift.framework in Frameworks */ = {isa = PBXBuildFile; fileRef = E02F5BDD204B022000531033 /* RxSwift.framework */; settings = {ATTRIBUTES = (Required, ); }; };
		E02F5BDF204B026D00531033 /* AppAssembly.swift in Sources */ = {isa = PBXBuildFile; fileRef = E02F5BDE204B026D00531033 /* AppAssembly.swift */; };
		E02F5BE6204B06A100531033 /* User.swift in Sources */ = {isa = PBXBuildFile; fileRef = E02F5BE5204B06A100531033 /* User.swift */; };
		E02F5BE8204B088000531033 /* Tournament.swift in Sources */ = {isa = PBXBuildFile; fileRef = E02F5BE7204B088000531033 /* Tournament.swift */; };
		E0DAB9FA2047FF0A00AA3A77 /* AppDelegate.swift in Sources */ = {isa = PBXBuildFile; fileRef = E0DAB9F92047FF0A00AA3A77 /* AppDelegate.swift */; };
		E0DAB9FC2047FF0A00AA3A77 /* ViewController.swift in Sources */ = {isa = PBXBuildFile; fileRef = E0DAB9FB2047FF0A00AA3A77 /* ViewController.swift */; };
		E0DABA012047FF0A00AA3A77 /* Assets.xcassets in Resources */ = {isa = PBXBuildFile; fileRef = E0DABA002047FF0A00AA3A77 /* Assets.xcassets */; };
		E0DABA042047FF0A00AA3A77 /* LaunchScreen.storyboard in Resources */ = {isa = PBXBuildFile; fileRef = E0DABA022047FF0A00AA3A77 /* LaunchScreen.storyboard */; };
		E0DABA112048392400AA3A77 /* Endpoint.swift in Sources */ = {isa = PBXBuildFile; fileRef = E0DABA102048392400AA3A77 /* Endpoint.swift */; };
		E0DABA152048393400AA3A77 /* WebService.swift in Sources */ = {isa = PBXBuildFile; fileRef = E0DABA142048393400AA3A77 /* WebService.swift */; };
		E0DABA172048393D00AA3A77 /* WebServiceAssembly.swift in Sources */ = {isa = PBXBuildFile; fileRef = E0DABA162048393D00AA3A77 /* WebServiceAssembly.swift */; };
/* End PBXBuildFile section */

/* Begin PBXFileReference section */
		330AE4A877133DD04E23D7F2 /* Pods-podium-iOS.debug.xcconfig */ = {isa = PBXFileReference; includeInIndex = 1; lastKnownFileType = text.xcconfig; name = "Pods-podium-iOS.debug.xcconfig"; path = "Pods/Target Support Files/Pods-podium-iOS/Pods-podium-iOS.debug.xcconfig"; sourceTree = "<group>"; };
		4277B36EA87CF5DC6C9CDCC9 /* Pods_podium_iOS.framework */ = {isa = PBXFileReference; explicitFileType = wrapper.framework; includeInIndex = 0; path = Pods_podium_iOS.framework; sourceTree = BUILT_PRODUCTS_DIR; };
		A7D1F2F434B5F4DE02778B06 /* Pods-podium-iOS.release.xcconfig */ = {isa = PBXFileReference; includeInIndex = 1; lastKnownFileType = text.xcconfig; name = "Pods-podium-iOS.release.xcconfig"; path = "Pods/Target Support Files/Pods-podium-iOS/Pods-podium-iOS.release.xcconfig"; sourceTree = "<group>"; };
		E02F5BDD204B022000531033 /* RxSwift.framework */ = {isa = PBXFileReference; explicitFileType = wrapper.framework; path = RxSwift.framework; sourceTree = BUILT_PRODUCTS_DIR; };
		E02F5BDE204B026D00531033 /* AppAssembly.swift */ = {isa = PBXFileReference; lastKnownFileType = sourcecode.swift; path = AppAssembly.swift; sourceTree = "<group>"; };
		E02F5BE5204B06A100531033 /* User.swift */ = {isa = PBXFileReference; lastKnownFileType = sourcecode.swift; path = User.swift; sourceTree = "<group>"; };
		E02F5BE7204B088000531033 /* Tournament.swift */ = {isa = PBXFileReference; lastKnownFileType = sourcecode.swift; path = Tournament.swift; sourceTree = "<group>"; };
		E0DAB9F62047FF0A00AA3A77 /* podium-iOS.app */ = {isa = PBXFileReference; explicitFileType = wrapper.application; includeInIndex = 0; path = "podium-iOS.app"; sourceTree = BUILT_PRODUCTS_DIR; };
		E0DAB9F92047FF0A00AA3A77 /* AppDelegate.swift */ = {isa = PBXFileReference; lastKnownFileType = sourcecode.swift; path = AppDelegate.swift; sourceTree = "<group>"; };
		E0DAB9FB2047FF0A00AA3A77 /* ViewController.swift */ = {isa = PBXFileReference; lastKnownFileType = sourcecode.swift; path = ViewController.swift; sourceTree = "<group>"; };
		E0DABA002047FF0A00AA3A77 /* Assets.xcassets */ = {isa = PBXFileReference; lastKnownFileType = folder.assetcatalog; path = Assets.xcassets; sourceTree = "<group>"; };
		E0DABA032047FF0A00AA3A77 /* Base */ = {isa = PBXFileReference; lastKnownFileType = file.storyboard; name = Base; path = Base.lproj/LaunchScreen.storyboard; sourceTree = "<group>"; };
		E0DABA052047FF0A00AA3A77 /* Info.plist */ = {isa = PBXFileReference; lastKnownFileType = text.plist.xml; path = Info.plist; sourceTree = "<group>"; };
		E0DABA102048392400AA3A77 /* Endpoint.swift */ = {isa = PBXFileReference; lastKnownFileType = sourcecode.swift; path = Endpoint.swift; sourceTree = "<group>"; };
		E0DABA142048393400AA3A77 /* WebService.swift */ = {isa = PBXFileReference; lastKnownFileType = sourcecode.swift; path = WebService.swift; sourceTree = "<group>"; };
		E0DABA162048393D00AA3A77 /* WebServiceAssembly.swift */ = {isa = PBXFileReference; lastKnownFileType = sourcecode.swift; path = WebServiceAssembly.swift; sourceTree = "<group>"; };
/* End PBXFileReference section */

/* Begin PBXFrameworksBuildPhase section */
		E0DAB9F32047FF0A00AA3A77 /* Frameworks */ = {
			isa = PBXFrameworksBuildPhase;
			buildActionMask = 2147483647;
			files = (
				E02F5BDC204B022000531033 /* RxSwift.framework in Frameworks */,
				B6159A4723B2693FC89DBF5D /* Pods_podium_iOS.framework in Frameworks */,
			);
			runOnlyForDeploymentPostprocessing = 0;
		};
/* End PBXFrameworksBuildPhase section */

/* Begin PBXGroup section */
		12383E012ABCEB5B191E49AB /* Frameworks */ = {
			isa = PBXGroup;
			children = (
				E02F5BDD204B022000531033 /* RxSwift.framework */,
				4277B36EA87CF5DC6C9CDCC9 /* Pods_podium_iOS.framework */,
			);
			name = Frameworks;
			sourceTree = "<group>";
		};
		D60299770D1E8E2A7F54FE1A /* Pods */ = {
			isa = PBXGroup;
			children = (
				330AE4A877133DD04E23D7F2 /* Pods-podium-iOS.debug.xcconfig */,
				A7D1F2F434B5F4DE02778B06 /* Pods-podium-iOS.release.xcconfig */,
			);
			name = Pods;
			sourceTree = "<group>";
		};
		E02F5BE0204B067900531033 /* Domain */ = {
			isa = PBXGroup;
			children = (
				E02F5BE5204B06A100531033 /* User.swift */,
				E02F5BE7204B088000531033 /* Tournament.swift */,
			);
			path = Domain;
			sourceTree = "<group>";
		};
		E02F5BE1204B067E00531033 /* Resources */ = {
			isa = PBXGroup;
			children = (
			);
			path = Resources;
			sourceTree = "<group>";
		};
		E02F5BE2204B068600531033 /* Utilities */ = {
			isa = PBXGroup;
			children = (
			);
			path = Utilities;
			sourceTree = "<group>";
		};
		E0DAB9ED2047FF0A00AA3A77 = {
			isa = PBXGroup;
			children = (
				E0DAB9F82047FF0A00AA3A77 /* podium-iOS */,
				E0DAB9F72047FF0A00AA3A77 /* Products */,
				D60299770D1E8E2A7F54FE1A /* Pods */,
				12383E012ABCEB5B191E49AB /* Frameworks */,
			);
			sourceTree = "<group>";
		};
		E0DAB9F72047FF0A00AA3A77 /* Products */ = {
			isa = PBXGroup;
			children = (
				E0DAB9F62047FF0A00AA3A77 /* podium-iOS.app */,
			);
			name = Products;
			sourceTree = "<group>";
		};
		E0DAB9F82047FF0A00AA3A77 /* podium-iOS */ = {
			isa = PBXGroup;
			children = (
				E0DAB9F92047FF0A00AA3A77 /* AppDelegate.swift */,
				E02F5BDE204B026D00531033 /* AppAssembly.swift */,
				E0DAB9FB2047FF0A00AA3A77 /* ViewController.swift */,
				E0DABA002047FF0A00AA3A77 /* Assets.xcassets */,
				E0DABA022047FF0A00AA3A77 /* LaunchScreen.storyboard */,
				E0DABA052047FF0A00AA3A77 /* Info.plist */,
				E0DABA0B204838BD00AA3A77 /* PodiumCore */,
			);
			path = "podium-iOS";
			sourceTree = "<group>";
		};
		E0DABA0B204838BD00AA3A77 /* PodiumCore */ = {
			isa = PBXGroup;
			children = (
				E0DABA0C204838DB00AA3A77 /* WebService */,
				E0DABA0D204838EF00AA3A77 /* Common */,
				E0DABA0E204838F400AA3A77 /* DI */,
				E0DABA0F204838F800AA3A77 /* Config */,
			);
			path = PodiumCore;
			sourceTree = "<group>";
		};
		E0DABA0C204838DB00AA3A77 /* WebService */ = {
			isa = PBXGroup;
			children = (
				E0DABA102048392400AA3A77 /* Endpoint.swift */,
				E0DABA142048393400AA3A77 /* WebService.swift */,
				E0DABA162048393D00AA3A77 /* WebServiceAssembly.swift */,
			);
			path = WebService;
			sourceTree = "<group>";
		};
		E0DABA0D204838EF00AA3A77 /* Common */ = {
			isa = PBXGroup;
			children = (
				E02F5BE2204B068600531033 /* Utilities */,
				E02F5BE1204B067E00531033 /* Resources */,
				E02F5BE0204B067900531033 /* Domain */,
			);
			path = Common;
			sourceTree = "<group>";
		};
		E0DABA0E204838F400AA3A77 /* DI */ = {
			isa = PBXGroup;
			children = (
			);
			path = DI;
			sourceTree = "<group>";
		};
		E0DABA0F204838F800AA3A77 /* Config */ = {
			isa = PBXGroup;
			children = (
			);
			path = Config;
			sourceTree = "<group>";
		};
/* End PBXGroup section */

/* Begin PBXNativeTarget section */
		E0DAB9F52047FF0A00AA3A77 /* podium-iOS */ = {
			isa = PBXNativeTarget;
			buildConfigurationList = E0DABA082047FF0A00AA3A77 /* Build configuration list for PBXNativeTarget "podium-iOS" */;
			buildPhases = (
				909B077B193AD8EEF6649B79 /* [CP] Check Pods Manifest.lock */,
				E0DAB9F22047FF0A00AA3A77 /* Sources */,
				E0DAB9F32047FF0A00AA3A77 /* Frameworks */,
				E0DAB9F42047FF0A00AA3A77 /* Resources */,
				F91EE7CAE2744A98182FAD9A /* [CP] Embed Pods Frameworks */,
				DD059243C23A7D7D7A6AB2E3 /* [CP] Copy Pods Resources */,
			);
			buildRules = (
			);
			dependencies = (
			);
			name = "podium-iOS";
			productName = "podium-iOS";
			productReference = E0DAB9F62047FF0A00AA3A77 /* podium-iOS.app */;
			productType = "com.apple.product-type.application";
		};
/* End PBXNativeTarget section */

/* Begin PBXProject section */
		E0DAB9EE2047FF0A00AA3A77 /* Project object */ = {
			isa = PBXProject;
			attributes = {
				LastSwiftUpdateCheck = 0920;
				LastUpgradeCheck = 0920;
				ORGANIZATIONNAME = "Fernando Frances";
				TargetAttributes = {
					E0DAB9F52047FF0A00AA3A77 = {
						CreatedOnToolsVersion = 9.2;
						ProvisioningStyle = Automatic;
					};
				};
			};
			buildConfigurationList = E0DAB9F12047FF0A00AA3A77 /* Build configuration list for PBXProject "podium-iOS" */;
			compatibilityVersion = "Xcode 8.0";
			developmentRegion = en;
			hasScannedForEncodings = 0;
			knownRegions = (
				en,
				Base,
			);
			mainGroup = E0DAB9ED2047FF0A00AA3A77;
			productRefGroup = E0DAB9F72047FF0A00AA3A77 /* Products */;
			projectDirPath = "";
			projectRoot = "";
			targets = (
				E0DAB9F52047FF0A00AA3A77 /* podium-iOS */,
			);
		};
/* End PBXProject section */

/* Begin PBXResourcesBuildPhase section */
		E0DAB9F42047FF0A00AA3A77 /* Resources */ = {
			isa = PBXResourcesBuildPhase;
			buildActionMask = 2147483647;
			files = (
				E0DABA042047FF0A00AA3A77 /* LaunchScreen.storyboard in Resources */,
				E0DABA012047FF0A00AA3A77 /* Assets.xcassets in Resources */,
			);
			runOnlyForDeploymentPostprocessing = 0;
		};
/* End PBXResourcesBuildPhase section */

/* Begin PBXShellScriptBuildPhase section */
		909B077B193AD8EEF6649B79 /* [CP] Check Pods Manifest.lock */ = {
			isa = PBXShellScriptBuildPhase;
			buildActionMask = 2147483647;
			files = (
			);
			inputPaths = (
				"${PODS_PODFILE_DIR_PATH}/Podfile.lock",
				"${PODS_ROOT}/Manifest.lock",
			);
			name = "[CP] Check Pods Manifest.lock";
			outputPaths = (
				"$(DERIVED_FILE_DIR)/Pods-podium-iOS-checkManifestLockResult.txt",
			);
			runOnlyForDeploymentPostprocessing = 0;
			shellPath = /bin/sh;
			shellScript = "diff \"${PODS_PODFILE_DIR_PATH}/Podfile.lock\" \"${PODS_ROOT}/Manifest.lock\" > /dev/null\nif [ $? != 0 ] ; then\n    # print error to STDERR\n    echo \"error: The sandbox is not in sync with the Podfile.lock. Run 'pod install' or update your CocoaPods installation.\" >&2\n    exit 1\nfi\n# This output is used by Xcode 'outputs' to avoid re-running this script phase.\necho \"SUCCESS\" > \"${SCRIPT_OUTPUT_FILE_0}\"\n";
			showEnvVarsInLog = 0;
		};
		DD059243C23A7D7D7A6AB2E3 /* [CP] Copy Pods Resources */ = {
			isa = PBXShellScriptBuildPhase;
			buildActionMask = 2147483647;
			files = (
			);
			inputPaths = (
			);
			name = "[CP] Copy Pods Resources";
			outputPaths = (
			);
			runOnlyForDeploymentPostprocessing = 0;
			shellPath = /bin/sh;
			shellScript = "\"${SRCROOT}/Pods/Target Support Files/Pods-podium-iOS/Pods-podium-iOS-resources.sh\"\n";
			showEnvVarsInLog = 0;
		};
		F91EE7CAE2744A98182FAD9A /* [CP] Embed Pods Frameworks */ = {
			isa = PBXShellScriptBuildPhase;
			buildActionMask = 2147483647;
			files = (
			);
			inputPaths = (
				"${SRCROOT}/Pods/Target Support Files/Pods-podium-iOS/Pods-podium-iOS-frameworks.sh",
				"${BUILT_PRODUCTS_DIR}/RxSwift/RxSwift.framework",
			);
			name = "[CP] Embed Pods Frameworks";
			outputPaths = (
				"${TARGET_BUILD_DIR}/${FRAMEWORKS_FOLDER_PATH}/RxSwift.framework",
			);
			runOnlyForDeploymentPostprocessing = 0;
			shellPath = /bin/sh;
			shellScript = "\"${SRCROOT}/Pods/Target Support Files/Pods-podium-iOS/Pods-podium-iOS-frameworks.sh\"\n";
			showEnvVarsInLog = 0;
		};
/* End PBXShellScriptBuildPhase section */

/* Begin PBXSourcesBuildPhase section */
		E0DAB9F22047FF0A00AA3A77 /* Sources */ = {
			isa = PBXSourcesBuildPhase;
			buildActionMask = 2147483647;
			files = (
				E02F5BE8204B088000531033 /* Tournament.swift in Sources */,
				E0DAB9FC2047FF0A00AA3A77 /* ViewController.swift in Sources */,
				E0DABA112048392400AA3A77 /* Endpoint.swift in Sources */,
				E0DAB9FA2047FF0A00AA3A77 /* AppDelegate.swift in Sources */,
				E02F5BDF204B026D00531033 /* AppAssembly.swift in Sources */,
				E0DABA152048393400AA3A77 /* WebService.swift in Sources */,
				E0DABA172048393D00AA3A77 /* WebServiceAssembly.swift in Sources */,
				E02F5BE6204B06A100531033 /* User.swift in Sources */,
			);
			runOnlyForDeploymentPostprocessing = 0;
		};
/* End PBXSourcesBuildPhase section */

/* Begin PBXVariantGroup section */
		E0DABA022047FF0A00AA3A77 /* LaunchScreen.storyboard */ = {
			isa = PBXVariantGroup;
			children = (
				E0DABA032047FF0A00AA3A77 /* Base */,
			);
			name = LaunchScreen.storyboard;
			sourceTree = "<group>";
		};
/* End PBXVariantGroup section */

/* Begin XCBuildConfiguration section */
		E0DABA062047FF0A00AA3A77 /* Debug */ = {
			isa = XCBuildConfiguration;
			buildSettings = {
				ALWAYS_SEARCH_USER_PATHS = NO;
				CLANG_ANALYZER_NONNULL = YES;
				CLANG_ANALYZER_NUMBER_OBJECT_CONVERSION = YES_AGGRESSIVE;
				CLANG_CXX_LANGUAGE_STANDARD = "gnu++14";
				CLANG_CXX_LIBRARY = "libc++";
				CLANG_ENABLE_MODULES = YES;
				CLANG_ENABLE_OBJC_ARC = YES;
				CLANG_WARN_BLOCK_CAPTURE_AUTORELEASING = YES;
				CLANG_WARN_BOOL_CONVERSION = YES;
				CLANG_WARN_COMMA = YES;
				CLANG_WARN_CONSTANT_CONVERSION = YES;
				CLANG_WARN_DIRECT_OBJC_ISA_USAGE = YES_ERROR;
				CLANG_WARN_DOCUMENTATION_COMMENTS = YES;
				CLANG_WARN_EMPTY_BODY = YES;
				CLANG_WARN_ENUM_CONVERSION = YES;
				CLANG_WARN_INFINITE_RECURSION = YES;
				CLANG_WARN_INT_CONVERSION = YES;
				CLANG_WARN_NON_LITERAL_NULL_CONVERSION = YES;
				CLANG_WARN_OBJC_LITERAL_CONVERSION = YES;
				CLANG_WARN_OBJC_ROOT_CLASS = YES_ERROR;
				CLANG_WARN_RANGE_LOOP_ANALYSIS = YES;
				CLANG_WARN_STRICT_PROTOTYPES = YES;
				CLANG_WARN_SUSPICIOUS_MOVE = YES;
				CLANG_WARN_UNGUARDED_AVAILABILITY = YES_AGGRESSIVE;
				CLANG_WARN_UNREACHABLE_CODE = YES;
				CLANG_WARN__DUPLICATE_METHOD_MATCH = YES;
				CODE_SIGN_IDENTITY = "iPhone Developer";
				COPY_PHASE_STRIP = NO;
				DEBUG_INFORMATION_FORMAT = dwarf;
				ENABLE_STRICT_OBJC_MSGSEND = YES;
				ENABLE_TESTABILITY = YES;
				GCC_C_LANGUAGE_STANDARD = gnu11;
				GCC_DYNAMIC_NO_PIC = NO;
				GCC_NO_COMMON_BLOCKS = YES;
				GCC_OPTIMIZATION_LEVEL = 0;
				GCC_PREPROCESSOR_DEFINITIONS = (
					"DEBUG=1",
					"$(inherited)",
				);
				GCC_WARN_64_TO_32_BIT_CONVERSION = YES;
				GCC_WARN_ABOUT_RETURN_TYPE = YES_ERROR;
				GCC_WARN_UNDECLARED_SELECTOR = YES;
				GCC_WARN_UNINITIALIZED_AUTOS = YES_AGGRESSIVE;
				GCC_WARN_UNUSED_FUNCTION = YES;
				GCC_WARN_UNUSED_VARIABLE = YES;
				IPHONEOS_DEPLOYMENT_TARGET = 11.2;
				MTL_ENABLE_DEBUG_INFO = YES;
				ONLY_ACTIVE_ARCH = YES;
				SDKROOT = iphoneos;
				SWIFT_ACTIVE_COMPILATION_CONDITIONS = DEBUG;
				SWIFT_OPTIMIZATION_LEVEL = "-Onone";
			};
			name = Debug;
		};
		E0DABA072047FF0A00AA3A77 /* Release */ = {
			isa = XCBuildConfiguration;
			buildSettings = {
				ALWAYS_SEARCH_USER_PATHS = NO;
				CLANG_ANALYZER_NONNULL = YES;
				CLANG_ANALYZER_NUMBER_OBJECT_CONVERSION = YES_AGGRESSIVE;
				CLANG_CXX_LANGUAGE_STANDARD = "gnu++14";
				CLANG_CXX_LIBRARY = "libc++";
				CLANG_ENABLE_MODULES = YES;
				CLANG_ENABLE_OBJC_ARC = YES;
				CLANG_WARN_BLOCK_CAPTURE_AUTORELEASING = YES;
				CLANG_WARN_BOOL_CONVERSION = YES;
				CLANG_WARN_COMMA = YES;
				CLANG_WARN_CONSTANT_CONVERSION = YES;
				CLANG_WARN_DIRECT_OBJC_ISA_USAGE = YES_ERROR;
				CLANG_WARN_DOCUMENTATION_COMMENTS = YES;
				CLANG_WARN_EMPTY_BODY = YES;
				CLANG_WARN_ENUM_CONVERSION = YES;
				CLANG_WARN_INFINITE_RECURSION = YES;
				CLANG_WARN_INT_CONVERSION = YES;
				CLANG_WARN_NON_LITERAL_NULL_CONVERSION = YES;
				CLANG_WARN_OBJC_LITERAL_CONVERSION = YES;
				CLANG_WARN_OBJC_ROOT_CLASS = YES_ERROR;
				CLANG_WARN_RANGE_LOOP_ANALYSIS = YES;
				CLANG_WARN_STRICT_PROTOTYPES = YES;
				CLANG_WARN_SUSPICIOUS_MOVE = YES;
				CLANG_WARN_UNGUARDED_AVAILABILITY = YES_AGGRESSIVE;
				CLANG_WARN_UNREACHABLE_CODE = YES;
				CLANG_WARN__DUPLICATE_METHOD_MATCH = YES;
				CODE_SIGN_IDENTITY = "iPhone Developer";
				COPY_PHASE_STRIP = NO;
				DEBUG_INFORMATION_FORMAT = "dwarf-with-dsym";
				ENABLE_NS_ASSERTIONS = NO;
				ENABLE_STRICT_OBJC_MSGSEND = YES;
				GCC_C_LANGUAGE_STANDARD = gnu11;
				GCC_NO_COMMON_BLOCKS = YES;
				GCC_WARN_64_TO_32_BIT_CONVERSION = YES;
				GCC_WARN_ABOUT_RETURN_TYPE = YES_ERROR;
				GCC_WARN_UNDECLARED_SELECTOR = YES;
				GCC_WARN_UNINITIALIZED_AUTOS = YES_AGGRESSIVE;
				GCC_WARN_UNUSED_FUNCTION = YES;
				GCC_WARN_UNUSED_VARIABLE = YES;
				IPHONEOS_DEPLOYMENT_TARGET = 11.2;
				MTL_ENABLE_DEBUG_INFO = NO;
				SDKROOT = iphoneos;
				SWIFT_OPTIMIZATION_LEVEL = "-Owholemodule";
				VALIDATE_PRODUCT = YES;
			};
			name = Release;
		};
		E0DABA092047FF0A00AA3A77 /* Debug */ = {
			isa = XCBuildConfiguration;
			baseConfigurationReference = 330AE4A877133DD04E23D7F2 /* Pods-podium-iOS.debug.xcconfig */;
			buildSettings = {
				ASSETCATALOG_COMPILER_APPICON_NAME = AppIcon;
				CODE_SIGN_STYLE = Automatic;
				DEVELOPMENT_TEAM = PHJ7WUPNX4;
				INFOPLIST_FILE = "podium-iOS/Info.plist";
				LD_RUNPATH_SEARCH_PATHS = "$(inherited) @executable_path/Frameworks";
				PRODUCT_BUNDLE_IDENTIFIER = "FernandoFrances.podium-iOS";
				PRODUCT_NAME = "$(TARGET_NAME)";
				SWIFT_VERSION = 4.0;
				TARGETED_DEVICE_FAMILY = "1,2";
			};
			name = Debug;
		};
		E0DABA0A2047FF0A00AA3A77 /* Release */ = {
			isa = XCBuildConfiguration;
			baseConfigurationReference = A7D1F2F434B5F4DE02778B06 /* Pods-podium-iOS.release.xcconfig */;
			buildSettings = {
				ASSETCATALOG_COMPILER_APPICON_NAME = AppIcon;
				CODE_SIGN_STYLE = Automatic;
				DEVELOPMENT_TEAM = PHJ7WUPNX4;
				INFOPLIST_FILE = "podium-iOS/Info.plist";
				LD_RUNPATH_SEARCH_PATHS = "$(inherited) @executable_path/Frameworks";
				PRODUCT_BUNDLE_IDENTIFIER = "FernandoFrances.podium-iOS";
				PRODUCT_NAME = "$(TARGET_NAME)";
				SWIFT_VERSION = 4.0;
				TARGETED_DEVICE_FAMILY = "1,2";
			};
			name = Release;
		};
/* End XCBuildConfiguration section */

/* Begin XCConfigurationList section */
		E0DAB9F12047FF0A00AA3A77 /* Build configuration list for PBXProject "podium-iOS" */ = {
			isa = XCConfigurationList;
			buildConfigurations = (
				E0DABA062047FF0A00AA3A77 /* Debug */,
				E0DABA072047FF0A00AA3A77 /* Release */,
			);
			defaultConfigurationIsVisible = 0;
			defaultConfigurationName = Release;
		};
		E0DABA082047FF0A00AA3A77 /* Build configuration list for PBXNativeTarget "podium-iOS" */ = {
			isa = XCConfigurationList;
			buildConfigurations = (
				E0DABA092047FF0A00AA3A77 /* Debug */,
				E0DABA0A2047FF0A00AA3A77 /* Release */,
			);
			defaultConfigurationIsVisible = 0;
			defaultConfigurationName = Release;
		};
/* End XCConfigurationList section */
	};
	rootObject = E0DAB9EE2047FF0A00AA3A77 /* Project object */;
}
